
Microsoft Visual Studio Solution File, Format Version 12.00
# Visual Studio Version 17
VisualStudioVersion = 17.6.33723.286
MinimumVisualStudioVersion = 10.0.40219.1
Project("{9A19103F-16F7-4668-BE54-9A1E7A4F7556}") = "Problem 2", "Problem 2.csproj", "{60571478-8549-4326-8717-79645BFB9F08}"
EndProject
Global
	GlobalSection(SolutionConfigurationPlatforms) = preSolution
		Debug|Any CPU = Debug|Any CPU
		Release|Any CPU = Release|Any CPU
	EndGlobalSection
	GlobalSection(ProjectConfigurationPlatforms) = postSolution
		{60571478-8549-4326-8717-79645BFB9F08}.Debug|Any CPU.ActiveCfg = Debug|Any CPU
		{60571478-8549-4326-8717-79645BFB9F08}.Debug|Any CPU.Build.0 = Debug|Any CPU
		{60571478-8549-4326-8717-79645BFB9F08}.Release|Any CPU.ActiveCfg = Release|Any CPU
		{60571478-8549-4326-8717-79645BFB9F08}.Release|Any CPU.Build.0 = Release|Any CPU
	EndGlobalSection
	GlobalSection(SolutionProperties) = preSolution
		HideSolutionNode = FALSE
	EndGlobalSection
	GlobalSection(ExtensibilityGlobals) = postSolution
		SolutionGuid = {8A129650-69E6-405A-8D38-D64975B569B2}
	EndGlobalSection
EndGlobal
